
Microsoft Visual Studio Solution File, Format Version 12.00
# Visual Studio Version 16
VisualStudioVersion = 16.0.31005.135
MinimumVisualStudioVersion = 10.0.40219.1
Project("{FAE04EC0-301F-11D3-BF4B-00C04F79EFBC}") = "VideoCallingDemo.Android", "VideoCallingDemo.Android\VideoCallingDemo.Android.csproj", "{0B1B366A-ABD0-4574-A744-D73B12D2D123}"
EndProject
Project("{FAE04EC0-301F-11D3-BF4B-00C04F79EFBC}") = "VideoCallingDemo.iOS", "VideoCallingDemo.iOS\VideoCallingDemo.iOS.csproj", "{3273D421-521A-4995-92EC-242EBDFA03F7}"
EndProject
Project("{FAE04EC0-301F-11D3-BF4B-00C04F79EFBC}") = "VideoCallingDemo", "VideoCallingDemo\VideoCallingDemo.csproj", "{11C1E5F4-C03D-429F-A472-D85CBDE67C84}"
EndProject
Global
	GlobalSection(SolutionConfigurationPlatforms) = preSolution
		Debug|Any CPU = Debug|Any CPU
		Debug|iPhone = Debug|iPhone
		Debug|iPhoneSimulator = Debug|iPhoneSimulator
		Release|Any CPU = Release|Any CPU
		Release|iPhone = Release|iPhone
		Release|iPhoneSimulator = Release|iPhoneSimulator
	EndGlobalSection
	GlobalSection(ProjectConfigurationPlatforms) = postSolution
		{0B1B366A-ABD0-4574-A744-D73B12D2D123}.Debug|Any CPU.ActiveCfg = Debug|Any CPU
		{0B1B366A-ABD0-4574-A744-D73B12D2D123}.Debug|Any CPU.Build.0 = Debug|Any CPU
		{0B1B366A-ABD0-4574-A744-D73B12D2D123}.Debug|Any CPU.Deploy.0 = Debug|Any CPU
		{0B1B366A-ABD0-4574-A744-D73B12D2D123}.Debug|iPhone.ActiveCfg = Debug|Any CPU
		{0B1B366A-ABD0-4574-A744-D73B12D2D123}.Debug|iPhone.Build.0 = Debug|Any CPU
		{0B1B366A-ABD0-4574-A744-D73B12D2D123}.Debug|iPhone.Deploy.0 = Debug|Any CPU
		{0B1B366A-ABD0-4574-A744-D73B12D2D123}.Debug|iPhoneSimulator.ActiveCfg = Debug|Any CPU
		{0B1B366A-ABD0-4574-A744-D73B12D2D123}.Debug|iPhoneSimulator.Build.0 = Debug|Any CPU
		{0B1B366A-ABD0-4574-A744-D73B12D2D123}.Debug|iPhoneSimulator.Deploy.0 = Debug|Any CPU
		{0B1B366A-ABD0-4574-A744-D73B12D2D123}.Release|Any CPU.ActiveCfg = Release|Any CPU
		{0B1B366A-ABD0-4574-A744-D73B12D2D123}.Release|Any CPU.Build.0 = Release|Any CPU
		{0B1B366A-ABD0-4574-A744-D73B12D2D123}.Release|Any CPU.Deploy.0 = Release|Any CPU
		{0B1B366A-ABD0-4574-A744-D73B12D2D123}.Release|iPhone.ActiveCfg = Release|Any CPU
		{0B1B366A-ABD0-4574-A744-D73B12D2D123}.Release|iPhone.Build.0 = Release|Any CPU
		{0B1B366A-ABD0-4574-A744-D73B12D2D123}.Release|iPhone.Deploy.0 = Release|Any CPU
		{0B1B366A-ABD0-4574-A744-D73B12D2D123}.Release|iPhoneSimulator.ActiveCfg = Release|Any CPU
		{0B1B366A-ABD0-4574-A744-D73B12D2D123}.Release|iPhoneSimulator.Build.0 = Release|Any CPU
		{0B1B366A-ABD0-4574-A744-D73B12D2D123}.Release|iPhoneSimulator.Deploy.0 = Release|Any CPU
		{3273D421-521A-4995-92EC-242EBDFA03F7}.Debug|Any CPU.ActiveCfg = Debug|iPhone
		{3273D421-521A-4995-92EC-242EBDFA03F7}.Debug|Any CPU.Build.0 = Debug|iPhone
		{3273D421-521A-4995-92EC-242EBDFA03F7}.Debug|Any CPU.Deploy.0 = Debug|iPhone
		{3273D421-521A-4995-92EC-242EBDFA03F7}.Debug|iPhone.ActiveCfg = Debug|iPhone
		{3273D421-521A-4995-92EC-242EBDFA03F7}.Debug|iPhone.Build.0 = Debug|iPhone
		{3273D421-521A-4995-92EC-242EBDFA03F7}.Debug|iPhone.Deploy.0 = Debug|iPhone
		{3273D421-521A-4995-92EC-242EBDFA03F7}.Debug|iPhoneSimulator.ActiveCfg = Debug|iPhoneSimulator
		{3273D421-521A-4995-92EC-242EBDFA03F7}.Debug|iPhoneSimulator.Build.0 = Debug|iPhoneSimulator
		{3273D421-521A-4995-92EC-242EBDFA03F7}.Debug|iPhoneSimulator.Deploy.0 = Debug|iPhoneSimulator
		{3273D421-521A-4995-92EC-242EBDFA03F7}.Release|Any CPU.ActiveCfg = Release|iPhoneSimulator
		{3273D421-521A-4995-92EC-242EBDFA03F7}.Release|Any CPU.Build.0 = Release|iPhoneSimulator
		{3273D421-521A-4995-92EC-242EBDFA03F7}.Release|Any CPU.Deploy.0 = Release|iPhoneSimulator
		{3273D421-521A-4995-92EC-242EBDFA03F7}.Release|iPhone.ActiveCfg = Release|iPhone
		{3273D421-521A-4995-92EC-242EBDFA03F7}.Release|iPhone.Build.0 = Release|iPhone
		{3273D421-521A-4995-92EC-242EBDFA03F7}.Release|iPhone.Deploy.0 = Release|iPhone
		{3273D421-521A-4995-92EC-242EBDFA03F7}.Release|iPhoneSimulator.ActiveCfg = Release|iPhoneSimulator
		{3273D421-521A-4995-92EC-242EBDFA03F7}.Release|iPhoneSimulator.Build.0 = Release|iPhoneSimulator
		{3273D421-521A-4995-92EC-242EBDFA03F7}.Release|iPhoneSimulator.Deploy.0 = Release|iPhoneSimulator
		{11C1E5F4-C03D-429F-A472-D85CBDE67C84}.Debug|Any CPU.ActiveCfg = Debug|Any CPU
		{11C1E5F4-C03D-429F-A472-D85CBDE67C84}.Debug|Any CPU.Build.0 = Debug|Any CPU
		{11C1E5F4-C03D-429F-A472-D85CBDE67C84}.Debug|Any CPU.Deploy.0 = Debug|Any CPU
		{11C1E5F4-C03D-429F-A472-D85CBDE67C84}.Debug|iPhone.ActiveCfg = Debug|Any CPU
		{11C1E5F4-C03D-429F-A472-D85CBDE67C84}.Debug|iPhone.Build.0 = Debug|Any CPU
		{11C1E5F4-C03D-429F-A472-D85CBDE67C84}.Debug|iPhone.Deploy.0 = Debug|Any CPU
		{11C1E5F4-C03D-429F-A472-D85CBDE67C84}.Debug|iPhoneSimulator.ActiveCfg = Debug|Any CPU
		{11C1E5F4-C03D-429F-A472-D85CBDE67C84}.Debug|iPhoneSimulator.Build.0 = Debug|Any CPU
		{11C1E5F4-C03D-429F-A472-D85CBDE67C84}.Debug|iPhoneSimulator.Deploy.0 = Debug|Any CPU
		{11C1E5F4-C03D-429F-A472-D85CBDE67C84}.Release|Any CPU.ActiveCfg = Release|Any CPU
		{11C1E5F4-C03D-429F-A472-D85CBDE67C84}.Release|Any CPU.Build.0 = Release|Any CPU
		{11C1E5F4-C03D-429F-A472-D85CBDE67C84}.Release|Any CPU.Deploy.0 = Release|Any CPU
		{11C1E5F4-C03D-429F-A472-D85CBDE67C84}.Release|iPhone.ActiveCfg = Release|Any CPU
		{11C1E5F4-C03D-429F-A472-D85CBDE67C84}.Release|iPhone.Build.0 = Release|Any CPU
		{11C1E5F4-C03D-429F-A472-D85CBDE67C84}.Release|iPhone.Deploy.0 = Release|Any CPU
		{11C1E5F4-C03D-429F-A472-D85CBDE67C84}.Release|iPhoneSimulator.ActiveCfg = Release|Any CPU
		{11C1E5F4-C03D-429F-A472-D85CBDE67C84}.Release|iPhoneSimulator.Build.0 = Release|Any CPU
		{11C1E5F4-C03D-429F-A472-D85CBDE67C84}.Release|iPhoneSimulator.Deploy.0 = Release|Any CPU
	EndGlobalSection
	GlobalSection(SolutionProperties) = preSolution
		HideSolutionNode = FALSE
	EndGlobalSection
	GlobalSection(ExtensibilityGlobals) = postSolution
		SolutionGuid = {FEF88CFA-03E6-4BCB-AC1F-738F92147154}
	EndGlobalSection
EndGlobal
